{
  "originHash" : "a30986b0ed095a6a08090c16df60061a549ec717fe2ef20600161fbbb9af3991",
  "pins" : [
    {
      "identity" : "apple-swiftpackage-kochavanetworking-xcframework",
      "kind" : "remoteSourceControl",
      "location" : "https://github.com/Kochava/Apple-SwiftPackage-KochavaNetworking-XCFramework",
      "state" : {
        "revision" : "18f258bb7594f4d3b50fd920a0552ba17fd7962d",
        "version" : "10.1.0"
      }
    }
  ],
  "version" : 3
}
