{
  "originHash" : "b021764fe5634e841f2a0db933c35fa886e77141e57bb61cbf821202e3eec34b",
  "pins" : [
    {
      "identity" : "apple-swiftpackage-kochavanetworking-xcframework",
      "kind" : "remoteSourceControl",
      "location" : "https://github.com/Kochava/Apple-SwiftPackage-KochavaNetworking-XCFramework",
      "state" : {
        "revision" : "ba8bf8a2d81155cecda4b81665844e28999f285c",
        "version" : "9.0.0"
      }
    }
  ],
  "version" : 3
}
