{
  "originHash" : "b63e24fdd6e612426b834997be6f161f4a2bffe57e891afd0e9a382cbcf65f0d",
  "pins" : [
    {
      "identity" : "apple-swiftpackage-kochavanetworking-xcframework",
      "kind" : "remoteSourceControl",
      "location" : "https://github.com/Kochava/Apple-SwiftPackage-KochavaNetworking-XCFramework",
      "state" : {
        "revision" : "28efbad74e9cc712229456ac71acb792be5418aa",
        "version" : "10.0.1"
      }
    }
  ],
  "version" : 3
}
